// !$*UTF8*$!
{
	archiveVersion = 1;
	classes = {
	};
	objectVersion = 50;
	objects = {

/* Begin PBXBuildFile section */
		0CE5CCD921BB3619007072A5 /* ResourcePath.mm in Sources */ = {isa = PBXBuildFile; fileRef = 0CE5CCD821BB3619007072A5 /* ResourcePath.mm */; };
		0CE5CCDC21BB3619007072A5 /* main.cpp in Sources */ = {isa = PBXBuildFile; fileRef = 0CE5CCDB21BB3619007072A5 /* main.cpp */; };
		0CE5CCDF21BB3619007072A5 /* cute_image.jpg in Resources */ = {isa = PBXBuildFile; fileRef = 0CE5CCDE21BB3619007072A5 /* cute_image.jpg */; };
		0CE5CCE121BB3619007072A5 /* nice_music.ogg in Resources */ = {isa = PBXBuildFile; fileRef = 0CE5CCE021BB3619007072A5 /* nice_music.ogg */; };
		0CE5CCE321BB3619007072A5 /* sansation.ttf in Resources */ = {isa = PBXBuildFile; fileRef = 0CE5CCE221BB3619007072A5 /* sansation.ttf */; };
		0CE5CCE521BB3619007072A5 /* icon.png in Resources */ = {isa = PBXBuildFile; fileRef = 0CE5CCE421BB3619007072A5 /* icon.png */; };
		0CE5CCED21BB4BC6007072A5 /* libBox2D.a in Frameworks */ = {isa = PBXBuildFile; fileRef = 0CE5CCEC21BB4BC6007072A5 /* libBox2D.a */; };
		0CE5CD3321BC5034007072A5 /* textures in Resources */ = {isa = PBXBuildFile; fileRef = 0CE5CD3221BC5034007072A5 /* textures */; };
		7D939097745B35130CD01BAB /* World.cpp in Sources */ = {isa = PBXBuildFile; fileRef = 7D939B4E89658A8761343B1A /* World.cpp */; };
		7D9390B27AFC6676524E15D4 /* InfluenceComponent.cpp in Sources */ = {isa = PBXBuildFile; fileRef = 7D939702740E47FB9EE95AC0 /* InfluenceComponent.cpp */; };
		7D9392D6DF12FA9869EA61D3 /* Trait.cpp in Sources */ = {isa = PBXBuildFile; fileRef = 7D939749BFED80D117090B08 /* Trait.cpp */; };
		7D9393360D33099C3A7F49EC /* TileMap.cpp in Sources */ = {isa = PBXBuildFile; fileRef = 7D9397BE4C65FF520C1D41FB /* TileMap.cpp */; };
		7D939384F0E7375A53E2EE6F /* AnimationComponent.cpp in Sources */ = {isa = PBXBuildFile; fileRef = 7D93995D4D00164917804B34 /* AnimationComponent.cpp */; };
		7D93951D09675BF9AEA1428F /* GameObject.cpp in Sources */ = {isa = PBXBuildFile; fileRef = 7D939CBE270F791D4CCBF476 /* GameObject.cpp */; };
		7D9396EE634E8EC8C42C004C /* BaseComponent.cpp in Sources */ = {isa = PBXBuildFile; fileRef = 7D939A70BADD947D9804203E /* BaseComponent.cpp */; };
		7D939740010CF2EDEDFD1CB8 /* Direction.cpp in Sources */ = {isa = PBXBuildFile; fileRef = 7D939439B212DF1A55EE22E2 /* Direction.cpp */; };
		7D9398900C3BF4818FABD37B /* AnimatorComponent.cpp in Sources */ = {isa = PBXBuildFile; fileRef = 7D939E6BD6BA135FDA5D5F4D /* AnimatorComponent.cpp */; };
		7D9399D088EF144BD97FBD7F /* State.cpp in Sources */ = {isa = PBXBuildFile; fileRef = 7D93905A7011A726D5EA5D5B /* State.cpp */; };
		7D9399DDD98EAD1AE4D87864 /* IMap.cpp in Sources */ = {isa = PBXBuildFile; fileRef = 7D93930E2C13B9A634FBEEA1 /* IMap.cpp */; };
		7D939A082E8EC775182AAC49 /* TransformComponent.cpp in Sources */ = {isa = PBXBuildFile; fileRef = 7D93903E021AD76AD22385AC /* TransformComponent.cpp */; };
		7D939C465DBF1A80F4824F4A /* Player.cpp in Sources */ = {isa = PBXBuildFile; fileRef = 7D93931DE24ACDB8EF7ACE99 /* Player.cpp */; };
		7D939D6E06C4DCF200C7805E /* TextureComponent.cpp in Sources */ = {isa = PBXBuildFile; fileRef = 7D93991D2A98F163212ED26B /* TextureComponent.cpp */; };
		7D939E3C4380614E3CABAEED /* AssetManager.cpp in Sources */ = {isa = PBXBuildFile; fileRef = 7D93998E8C386B69F4013B2B /* AssetManager.cpp */; };
		7D939F6BBDEFFC78F14D349C /* InputComponent.cpp in Sources */ = {isa = PBXBuildFile; fileRef = 7D939B5F2223A7D794A4686E /* InputComponent.cpp */; };
/* End PBXBuildFile section */

/* Begin PBXFileReference section */
		0C1B895321BFF1B30074FAEC /* Vector3.h */ = {isa = PBXFileReference; lastKnownFileType = sourcecode.c.h; path = Vector3.h; sourceTree = "<group>"; };
		0CE5CCD321BB3619007072A5 /* The Land of Headaches.app */ = {isa = PBXFileReference; explicitFileType = wrapper.application; includeInIndex = 0; path = "The Land of Headaches.app"; sourceTree = BUILT_PRODUCTS_DIR; };
		0CE5CCD721BB3619007072A5 /* The Land of Headaches-Info.plist */ = {isa = PBXFileReference; lastKnownFileType = text.plist.xml; path = "The Land of Headaches-Info.plist"; sourceTree = "<group>"; };
		0CE5CCD821BB3619007072A5 /* ResourcePath.mm */ = {isa = PBXFileReference; lastKnownFileType = sourcecode.cpp.objcpp; path = ResourcePath.mm; sourceTree = "<group>"; };
		0CE5CCDA21BB3619007072A5 /* ResourcePath.hpp */ = {isa = PBXFileReference; lastKnownFileType = sourcecode.cpp.h; path = ResourcePath.hpp; sourceTree = "<group>"; };
		0CE5CCDB21BB3619007072A5 /* main.cpp */ = {isa = PBXFileReference; lastKnownFileType = sourcecode.cpp.cpp; path = main.cpp; sourceTree = "<group>"; };
		0CE5CCDE21BB3619007072A5 /* cute_image.jpg */ = {isa = PBXFileReference; lastKnownFileType = image.jpeg; path = cute_image.jpg; sourceTree = "<group>"; };
		0CE5CCE021BB3619007072A5 /* nice_music.ogg */ = {isa = PBXFileReference; lastKnownFileType = file; path = nice_music.ogg; sourceTree = "<group>"; };
		0CE5CCE221BB3619007072A5 /* sansation.ttf */ = {isa = PBXFileReference; lastKnownFileType = file; path = sansation.ttf; sourceTree = "<group>"; };
		0CE5CCE421BB3619007072A5 /* icon.png */ = {isa = PBXFileReference; lastKnownFileType = image.png; path = icon.png; sourceTree = "<group>"; };
		0CE5CCEC21BB4BC6007072A5 /* libBox2D.a */ = {isa = PBXFileReference; lastKnownFileType = archive.ar; path = libBox2D.a; sourceTree = "<group>"; };
		0CE5CD3221BC5034007072A5 /* textures */ = {isa = PBXFileReference; lastKnownFileType = folder; path = textures; sourceTree = "<group>"; };
		7D939025A2172D2B8CFCB1FF /* IMap.hpp */ = {isa = PBXFileReference; fileEncoding = 4; lastKnownFileType = sourcecode.cpp.h; path = IMap.hpp; sourceTree = "<group>"; };
		7D93903E021AD76AD22385AC /* TransformComponent.cpp */ = {isa = PBXFileReference; fileEncoding = 4; lastKnownFileType = sourcecode.cpp.cpp; path = TransformComponent.cpp; sourceTree = "<group>"; };
		7D93905A7011A726D5EA5D5B /* State.cpp */ = {isa = PBXFileReference; fileEncoding = 4; lastKnownFileType = sourcecode.cpp.cpp; path = State.cpp; sourceTree = "<group>"; };
		7D9391955146D890B65F5EE3 /* utils.hpp */ = {isa = PBXFileReference; fileEncoding = 4; lastKnownFileType = sourcecode.cpp.h; path = utils.hpp; sourceTree = "<group>"; };
		7D9391B7ACE6FB9D2C1F1F71 /* InputComponent.hpp */ = {isa = PBXFileReference; fileEncoding = 4; lastKnownFileType = sourcecode.cpp.h; path = InputComponent.hpp; sourceTree = "<group>"; };
		7D9391BEA19F5E9275389978 /* TransformComponent.hpp */ = {isa = PBXFileReference; fileEncoding = 4; lastKnownFileType = sourcecode.cpp.h; path = TransformComponent.hpp; sourceTree = "<group>"; };
		7D9392B361521376BE94A079 /* TextureComponent.hpp */ = {isa = PBXFileReference; fileEncoding = 4; lastKnownFileType = sourcecode.cpp.h; path = TextureComponent.hpp; sourceTree = "<group>"; };
		7D93930E2C13B9A634FBEEA1 /* IMap.cpp */ = {isa = PBXFileReference; fileEncoding = 4; lastKnownFileType = sourcecode.cpp.cpp; path = IMap.cpp; sourceTree = "<group>"; };
		7D93931DE24ACDB8EF7ACE99 /* Player.cpp */ = {isa = PBXFileReference; fileEncoding = 4; lastKnownFileType = sourcecode.cpp.cpp; path = Player.cpp; sourceTree = "<group>"; };
		7D9393637D1281F1FB5BEC05 /* GameObject.hpp */ = {isa = PBXFileReference; fileEncoding = 4; lastKnownFileType = sourcecode.cpp.h; path = GameObject.hpp; sourceTree = "<group>"; };
		7D9393ACC16D8880A2C424F6 /* TileMap.hpp */ = {isa = PBXFileReference; fileEncoding = 4; lastKnownFileType = sourcecode.cpp.h; path = TileMap.hpp; sourceTree = "<group>"; };
		7D939439B212DF1A55EE22E2 /* Direction.cpp */ = {isa = PBXFileReference; fileEncoding = 4; lastKnownFileType = sourcecode.cpp.cpp; path = Direction.cpp; sourceTree = "<group>"; };
		7D9394C4D03BFF1A3726498F /* Trait.hpp */ = {isa = PBXFileReference; fileEncoding = 4; lastKnownFileType = sourcecode.cpp.h; path = Trait.hpp; sourceTree = "<group>"; };
		7D9396688F1CB2A77AA4A72B /* World.hpp */ = {isa = PBXFileReference; fileEncoding = 4; lastKnownFileType = sourcecode.cpp.h; path = World.hpp; sourceTree = "<group>"; };
		7D939702740E47FB9EE95AC0 /* InfluenceComponent.cpp */ = {isa = PBXFileReference; fileEncoding = 4; lastKnownFileType = sourcecode.cpp.cpp; path = InfluenceComponent.cpp; sourceTree = "<group>"; };
		7D939749BFED80D117090B08 /* Trait.cpp */ = {isa = PBXFileReference; fileEncoding = 4; lastKnownFileType = sourcecode.cpp.cpp; path = Trait.cpp; sourceTree = "<group>"; };
		7D9397BE4C65FF520C1D41FB /* TileMap.cpp */ = {isa = PBXFileReference; fileEncoding = 4; lastKnownFileType = sourcecode.cpp.cpp; path = TileMap.cpp; sourceTree = "<group>"; };
		7D93986D3BB071B9AAEFA6CA /* AnimationComponent.hpp */ = {isa = PBXFileReference; fileEncoding = 4; lastKnownFileType = sourcecode.cpp.h; path = AnimationComponent.hpp; sourceTree = "<group>"; };
		7D939876245E3802B006F55A /* BaseComponent.hpp */ = {isa = PBXFileReference; fileEncoding = 4; lastKnownFileType = sourcecode.cpp.h; path = BaseComponent.hpp; sourceTree = "<group>"; };
		7D939891763AEAE541FA0B13 /* Direction.hpp */ = {isa = PBXFileReference; fileEncoding = 4; lastKnownFileType = sourcecode.cpp.h; path = Direction.hpp; sourceTree = "<group>"; };
		7D93991D2A98F163212ED26B /* TextureComponent.cpp */ = {isa = PBXFileReference; fileEncoding = 4; lastKnownFileType = sourcecode.cpp.cpp; path = TextureComponent.cpp; sourceTree = "<group>"; };
		7D93995D4D00164917804B34 /* AnimationComponent.cpp */ = {isa = PBXFileReference; fileEncoding = 4; lastKnownFileType = sourcecode.cpp.cpp; path = AnimationComponent.cpp; sourceTree = "<group>"; };
		7D93998E8C386B69F4013B2B /* AssetManager.cpp */ = {isa = PBXFileReference; fileEncoding = 4; lastKnownFileType = sourcecode.cpp.cpp; path = AssetManager.cpp; sourceTree = "<group>"; };
		7D939A70BADD947D9804203E /* BaseComponent.cpp */ = {isa = PBXFileReference; fileEncoding = 4; lastKnownFileType = sourcecode.cpp.cpp; path = BaseComponent.cpp; sourceTree = "<group>"; };
		7D939AF1F225F93DEB0D1152 /* AssetManager.hpp */ = {isa = PBXFileReference; fileEncoding = 4; lastKnownFileType = sourcecode.cpp.h; path = AssetManager.hpp; sourceTree = "<group>"; };
		7D939B4E89658A8761343B1A /* World.cpp */ = {isa = PBXFileReference; fileEncoding = 4; lastKnownFileType = sourcecode.cpp.cpp; path = World.cpp; sourceTree = "<group>"; };
		7D939B5F2223A7D794A4686E /* InputComponent.cpp */ = {isa = PBXFileReference; fileEncoding = 4; lastKnownFileType = sourcecode.cpp.cpp; path = InputComponent.cpp; sourceTree = "<group>"; };
		7D939CBE270F791D4CCBF476 /* GameObject.cpp */ = {isa = PBXFileReference; fileEncoding = 4; lastKnownFileType = sourcecode.cpp.cpp; path = GameObject.cpp; sourceTree = "<group>"; };
		7D939CFACD48D61740ED2AF1 /* State.hpp */ = {isa = PBXFileReference; fileEncoding = 4; lastKnownFileType = sourcecode.cpp.h; path = State.hpp; sourceTree = "<group>"; };
		7D939D37B32A19A8AAE06058 /* Vector2.h */ = {isa = PBXFileReference; fileEncoding = 4; lastKnownFileType = sourcecode.c.h; path = Vector2.h; sourceTree = "<group>"; };
		7D939D5F5642E5FF4148F26B /* AnimatorComponent.hpp */ = {isa = PBXFileReference; fileEncoding = 4; lastKnownFileType = sourcecode.cpp.h; path = AnimatorComponent.hpp; sourceTree = "<group>"; };
		7D939E6BD6BA135FDA5D5F4D /* AnimatorComponent.cpp */ = {isa = PBXFileReference; fileEncoding = 4; lastKnownFileType = sourcecode.cpp.cpp; path = AnimatorComponent.cpp; sourceTree = "<group>"; };
		7D939F5E9784553968DAA620 /* InfluenceComponent.hpp */ = {isa = PBXFileReference; fileEncoding = 4; lastKnownFileType = sourcecode.cpp.h; path = InfluenceComponent.hpp; sourceTree = "<group>"; };
		7D939FEB170EEA7D6B6B6C5C /* Player.hpp */ = {isa = PBXFileReference; fileEncoding = 4; lastKnownFileType = sourcecode.cpp.h; path = Player.hpp; sourceTree = "<group>"; };
/* End PBXFileReference section */

/* Begin PBXFrameworksBuildPhase section */
		0CE5CCCF21BB3619007072A5 /* Frameworks */ = {
			isa = PBXFrameworksBuildPhase;
			buildActionMask = 2147483647;
			files = (
				0CE5CCED21BB4BC6007072A5 /* libBox2D.a in Frameworks */,
			);
			runOnlyForDeploymentPostprocessing = 0;
		};
/* End PBXFrameworksBuildPhase section */

/* Begin PBXGroup section */
		0CE5CCC921BB3619007072A5 = {
			isa = PBXGroup;
			children = (
				0CE5CCEB21BB4BBA007072A5 /* libs */,
				0CE5CCD521BB3619007072A5 /* The Land of Headaches */,
				0CE5CCD421BB3619007072A5 /* Products */,
			);
			sourceTree = "<group>";
		};
		0CE5CCD421BB3619007072A5 /* Products */ = {
			isa = PBXGroup;
			children = (
				0CE5CCD321BB3619007072A5 /* The Land of Headaches.app */,
			);
			name = Products;
			sourceTree = "<group>";
		};
		0CE5CCD521BB3619007072A5 /* The Land of Headaches */ = {
			isa = PBXGroup;
			children = (
				0CE5CCD821BB3619007072A5 /* ResourcePath.mm */,
				0CE5CCDA21BB3619007072A5 /* ResourcePath.hpp */,
				0CE5CCDB21BB3619007072A5 /* main.cpp */,
				0CE5CCDD21BB3619007072A5 /* Resources */,
				0CE5CCD621BB3619007072A5 /* Supporting Files */,
				7D939ABB5DC341B4B092A0E6 /* game_objects */,
				7D93900A95712B278AD49B29 /* components */,
				7D939B4E89658A8761343B1A /* World.cpp */,
				7D9396688F1CB2A77AA4A72B /* World.hpp */,
				7D93998E8C386B69F4013B2B /* AssetManager.cpp */,
				7D939AF1F225F93DEB0D1152 /* AssetManager.hpp */,
				7D9391955146D890B65F5EE3 /* utils.hpp */,
				7D939F5C1314B82779A12854 /* enums */,
				7D939D4425430360FFDA726A /* prefabs */,
				7D9397FBA93B3347E5606828 /* influence_map */,
				7D9393E22C31CDE4D3E4BD93 /* game-math */,
			);
			path = "The Land of Headaches";
			sourceTree = "<group>";
		};
		0CE5CCD621BB3619007072A5 /* Supporting Files */ = {
			isa = PBXGroup;
			children = (
				0CE5CCD721BB3619007072A5 /* The Land of Headaches-Info.plist */,
			);
			name = "Supporting Files";
			sourceTree = "<group>";
		};
		0CE5CCDD21BB3619007072A5 /* Resources */ = {
			isa = PBXGroup;
			children = (
				0CE5CD3221BC5034007072A5 /* textures */,
				0CE5CCDE21BB3619007072A5 /* cute_image.jpg */,
				0CE5CCE021BB3619007072A5 /* nice_music.ogg */,
				0CE5CCE221BB3619007072A5 /* sansation.ttf */,
				0CE5CCE421BB3619007072A5 /* icon.png */,
			);
			name = Resources;
			sourceTree = "<group>";
		};
		0CE5CCEB21BB4BBA007072A5 /* libs */ = {
			isa = PBXGroup;
			children = (
				0CE5CCEC21BB4BC6007072A5 /* libBox2D.a */,
			);
			path = libs;
			sourceTree = "<group>";
		};
		7D93900A95712B278AD49B29 /* components */ = {
			isa = PBXGroup;
			children = (
				7D939A70BADD947D9804203E /* BaseComponent.cpp */,
				7D939876245E3802B006F55A /* BaseComponent.hpp */,
				7D93903E021AD76AD22385AC /* TransformComponent.cpp */,
				7D9391BEA19F5E9275389978 /* TransformComponent.hpp */,
				7D93991D2A98F163212ED26B /* TextureComponent.cpp */,
				7D9392B361521376BE94A079 /* TextureComponent.hpp */,
				7D93995D4D00164917804B34 /* AnimationComponent.cpp */,
				7D93986D3BB071B9AAEFA6CA /* AnimationComponent.hpp */,
				7D939E6BD6BA135FDA5D5F4D /* AnimatorComponent.cpp */,
				7D939D5F5642E5FF4148F26B /* AnimatorComponent.hpp */,
				7D939B5F2223A7D794A4686E /* InputComponent.cpp */,
				7D9391B7ACE6FB9D2C1F1F71 /* InputComponent.hpp */,
				7D939702740E47FB9EE95AC0 /* InfluenceComponent.cpp */,
				7D939F5E9784553968DAA620 /* InfluenceComponent.hpp */,
			);
			path = components;
			sourceTree = "<group>";
		};
		7D9393E22C31CDE4D3E4BD93 /* game-math */ = {
			isa = PBXGroup;
			children = (
				0C1B895321BFF1B30074FAEC /* Vector3.h */,
				7D939D37B32A19A8AAE06058 /* Vector2.h */,
			);
			path = "game-math";
			sourceTree = "<group>";
		};
		7D9397FBA93B3347E5606828 /* influence_map */ = {
			isa = PBXGroup;
			children = (
				7D93930E2C13B9A634FBEEA1 /* IMap.cpp */,
				7D939025A2172D2B8CFCB1FF /* IMap.hpp */,
				7D939749BFED80D117090B08 /* Trait.cpp */,
				7D9394C4D03BFF1A3726498F /* Trait.hpp */,
				7D9397BE4C65FF520C1D41FB /* TileMap.cpp */,
				7D9393ACC16D8880A2C424F6 /* TileMap.hpp */,
			);
			path = influence_map;
			sourceTree = "<group>";
		};
		7D939ABB5DC341B4B092A0E6 /* game_objects */ = {
			isa = PBXGroup;
			children = (
				7D939CBE270F791D4CCBF476 /* GameObject.cpp */,
				7D9393637D1281F1FB5BEC05 /* GameObject.hpp */,
			);
			path = game_objects;
			sourceTree = "<group>";
		};
		7D939D4425430360FFDA726A /* prefabs */ = {
			isa = PBXGroup;
			children = (
				7D93931DE24ACDB8EF7ACE99 /* Player.cpp */,
				7D939FEB170EEA7D6B6B6C5C /* Player.hpp */,
			);
			path = prefabs;
			sourceTree = "<group>";
		};
		7D939F5C1314B82779A12854 /* enums */ = {
			isa = PBXGroup;
			children = (
				7D939439B212DF1A55EE22E2 /* Direction.cpp */,
				7D939891763AEAE541FA0B13 /* Direction.hpp */,
				7D93905A7011A726D5EA5D5B /* State.cpp */,
				7D939CFACD48D61740ED2AF1 /* State.hpp */,
			);
			path = enums;
			sourceTree = "<group>";
		};
/* End PBXGroup section */

/* Begin PBXNativeTarget section */
		0CE5CCD221BB3619007072A5 /* The Land of Headaches */ = {
			isa = PBXNativeTarget;
			buildConfigurationList = 0CE5CCE821BB3619007072A5 /* Build configuration list for PBXNativeTarget "The Land of Headaches" */;
			buildPhases = (
				0CE5CCCE21BB3619007072A5 /* Sources */,
				0CE5CCCF21BB3619007072A5 /* Frameworks */,
				0CE5CCD021BB3619007072A5 /* Resources */,
				0CE5CCD121BB3619007072A5 /* ShellScript */,
			);
			buildRules = (
			);
			dependencies = (
			);
			name = "The Land of Headaches";
			productName = "The Land of Headaches";
			productReference = 0CE5CCD321BB3619007072A5 /* The Land of Headaches.app */;
			productType = "com.apple.product-type.application";
		};
/* End PBXNativeTarget section */

/* Begin PBXProject section */
		0CE5CCCA21BB3619007072A5 /* Project object */ = {
			isa = PBXProject;
			attributes = {
				LastUpgradeCheck = 1010;
				ORGANIZATIONNAME = "Bartosz Osowski";
				TargetAttributes = {
					0CE5CCD221BB3619007072A5 = {
						CreatedOnToolsVersion = 10.1;
					};
				};
			};
			buildConfigurationList = 0CE5CCCD21BB3619007072A5 /* Build configuration list for PBXProject "The Land of Headaches" */;
			compatibilityVersion = "Xcode 9.3";
			developmentRegion = en;
			hasScannedForEncodings = 0;
			knownRegions = (
				en,
			);
			mainGroup = 0CE5CCC921BB3619007072A5;
			productRefGroup = 0CE5CCD421BB3619007072A5 /* Products */;
			projectDirPath = "";
			projectRoot = "";
			targets = (
				0CE5CCD221BB3619007072A5 /* The Land of Headaches */,
			);
		};
/* End PBXProject section */

/* Begin PBXResourcesBuildPhase section */
		0CE5CCD021BB3619007072A5 /* Resources */ = {
			isa = PBXResourcesBuildPhase;
			buildActionMask = 2147483647;
			files = (
				0CE5CCE521BB3619007072A5 /* icon.png in Resources */,
				0CE5CD3321BC5034007072A5 /* textures in Resources */,
				0CE5CCE321BB3619007072A5 /* sansation.ttf in Resources */,
				0CE5CCE121BB3619007072A5 /* nice_music.ogg in Resources */,
				0CE5CCDF21BB3619007072A5 /* cute_image.jpg in Resources */,
			);
			runOnlyForDeploymentPostprocessing = 0;
		};
/* End PBXResourcesBuildPhase section */

/* Begin PBXShellScriptBuildPhase section */
		0CE5CCD121BB3619007072A5 /* ShellScript */ = {
			isa = PBXShellScriptBuildPhase;
			buildActionMask = 8;
			files = (
			);
			inputFileListPaths = (
			);
			inputPaths = (
			);
			outputFileListPaths = (
			);
			outputPaths = (
			);
			runOnlyForDeploymentPostprocessing = 1;
			shellPath = /bin/sh;
			shellScript = "# This shell script simply copies required SFML dylibs/frameworks into the application bundle frameworks folder.\n# If you're using static libraries (which is not recommended) you should remove this script from your project.\n\n# SETTINGS\nSFML_DEPENDENCIES_INSTALL_PREFIX=\"/Users/SFML/Desktop/packaging/tmp/install/Library/Frameworks\"\nCMAKE_INSTALL_FRAMEWORK_PREFIX=\"/Users/SFML/Desktop/packaging/tmp/install/Library/Frameworks\"\nCMAKE_INSTALL_LIB_PREFIX=\"/Users/SFML/Desktop/packaging/tmp/install/Library/Frameworks/lib\"\nFRAMEWORKS_FULL_PATH=\"$BUILT_PRODUCTS_DIR/$FRAMEWORKS_FOLDER_PATH/\"\n\n# Are we building a project that uses frameworks or dylibs?\ncase \"$SFML_BINARY_TYPE\" in\n    DYLIBS)\n        frameworks=\"false\"\n        ;;\n    *)\n        frameworks=\"true\"\n        ;;\nesac\n\n# Echoes to stderr\nerror () # $* message to display\n{\n    echo $* 1>&2\n    exit 2\n}\n\nassert () # $1 is a boolean, $2...N is an error message\n{\n    if [ $# -lt 2 ]\n    then\n        error \"Internal error in assert: not enough args\"\n    fi\n\n    if [ $1 -ne 0 ]\n    then\n        shift\n        error \"$*\"\n    fi\n}\n\nforce_remove () # $@ is some paths\n{\n    test $# -ge 1\n    assert $? \"force_remove() requires at least one parameter\"\n    rm -fr $@\n    assert $? \"couldn't remove $@\"\n}\n\ncopy () # $1 is a source, $2 is a destination\n{\n    test $# -eq 2\n    assert $? \"copy() requires two parameters\"\n    ditto \"$1\" \"$2\"\n    assert $? \"couldn't copy $1 to $2\"\n}\n\nrequire () # $1 is a SFML module like 'system' or 'audio'\n{\n    dest=\"$BUILT_PRODUCTS_DIR/$FRAMEWORKS_FOLDER_PATH/\"\n\n    if [ -z \"$1\" ]\n    then\n        error \"require() requires one parameter!\"\n    else\n        # clean potentially old stuff\n        force_remove \"$dest/libsfml-$1\"*\n        force_remove \"$dest/sfml-$1.framework\"\n\n        # copy SFML libraries\n        if [ \"$frameworks\" = \"true\" ]\n        then\n            source=\"$CMAKE_INSTALL_FRAMEWORK_PREFIX/sfml-$1.framework\"\n            target=\"sfml-$1.framework\"\n        elif [ \"$SFML_LINK_DYLIBS_SUFFIX\" = \"-d\" ]\n        then\n            source=\"$CMAKE_INSTALL_LIB_PREFIX/libsfml-$1-d.dylib\"\n            target=\"`readlink $source`\"\n        else\n            source=\"$CMAKE_INSTALL_LIB_PREFIX/libsfml-$1.dylib\"\n            target=\"`readlink $source`\"\n        fi\n\n        copy \"$source\" \"$dest/$target\"\n\n        # copy extra dependencies\n        if [ \"$1\" = \"audio\" ]\n        then\n            # copy \"FLAC\" \"ogg\" \"vorbis\" \"vorbisenc\" \"vorbisfile\" \"OpenAL\" frameworks too\n            for f in \"FLAC\" \"ogg\" \"vorbis\" \"vorbisenc\" \"vorbisfile\" \"OpenAL\"\n            do\n                copy \"$SFML_DEPENDENCIES_INSTALL_PREFIX/$f.framework\" \"$dest/$f.framework\"\n            done\n        elif [ \"$1\" = \"graphics\" ]\n        then\n            copy \"$SFML_DEPENDENCIES_INSTALL_PREFIX/freetype.framework\" \"$dest/freetype.framework\"\n        fi\n    fi\n}\n\nif [ -n \"$SFML_SYSTEM\" ]\nthen\n    require \"system\"\nfi\n\nif [ -n \"$SFML_AUDIO\" ]\nthen\n    require \"audio\"\nfi\n\nif [ -n \"$SFML_NETWORK\" ]\nthen\n    require \"network\"\nfi\n\nif [ -n \"$SFML_WINDOW\" ]\nthen\n    require \"window\"\nfi\n\nif [ -n \"$SFML_GRAPHICS\" ]\nthen\n    require \"graphics\"\nfi\n\n                \n";
		};
/* End PBXShellScriptBuildPhase section */

/* Begin PBXSourcesBuildPhase section */
		0CE5CCCE21BB3619007072A5 /* Sources */ = {
			isa = PBXSourcesBuildPhase;
			buildActionMask = 2147483647;
			files = (
				0CE5CCDC21BB3619007072A5 /* main.cpp in Sources */,
				0CE5CCD921BB3619007072A5 /* ResourcePath.mm in Sources */,
				7D93951D09675BF9AEA1428F /* GameObject.cpp in Sources */,
				7D9396EE634E8EC8C42C004C /* BaseComponent.cpp in Sources */,
				7D939A082E8EC775182AAC49 /* TransformComponent.cpp in Sources */,
				7D939097745B35130CD01BAB /* World.cpp in Sources */,
				7D939D6E06C4DCF200C7805E /* TextureComponent.cpp in Sources */,
				7D939E3C4380614E3CABAEED /* AssetManager.cpp in Sources */,
				7D939384F0E7375A53E2EE6F /* AnimationComponent.cpp in Sources */,
				7D939740010CF2EDEDFD1CB8 /* Direction.cpp in Sources */,
				7D9398900C3BF4818FABD37B /* AnimatorComponent.cpp in Sources */,
				7D939F6BBDEFFC78F14D349C /* InputComponent.cpp in Sources */,
				7D9399D088EF144BD97FBD7F /* State.cpp in Sources */,
				7D939C465DBF1A80F4824F4A /* Player.cpp in Sources */,
				7D9390B27AFC6676524E15D4 /* InfluenceComponent.cpp in Sources */,
				7D9399DDD98EAD1AE4D87864 /* IMap.cpp in Sources */,
				7D9392D6DF12FA9869EA61D3 /* Trait.cpp in Sources */,
				7D9393360D33099C3A7F49EC /* TileMap.cpp in Sources */,
			);
			runOnlyForDeploymentPostprocessing = 0;
		};
/* End PBXSourcesBuildPhase section */

/* Begin XCBuildConfiguration section */
		0CE5CCE621BB3619007072A5 /* Debug */ = {
			isa = XCBuildConfiguration;
			buildSettings = {
				ARCHS = "$(NATIVE_ARCH_ACTUAL)";
				CLANG_CXX_LANGUAGE_STANDARD = "c++11";
				CLANG_CXX_LIBRARY = "libc++";
				FRAMEWORK_SEARCH_PATHS = (
					/Library/Frameworks/,
					"$(inherited)",
				);
				GCC_VERSION = com.apple.compilers.llvm.clang.1_0;
				HEADER_SEARCH_PATHS = (
					/usr/local/include/,
					"$(inherited)",
				);
				LIBRARY_SEARCH_PATHS = (
					/usr/local/lib/,
					"$(inherited)",
				);
				MACOSX_DEPLOYMENT_TARGET = 10.7;
				OTHER_LDFLAGS = (
					"$(inherited)",
					"$(SFML_SYSTEM)",
					"$(SFML_WINDOW)",
					"$(SFML_GRAPHICS)",
					"$(SFML_AUDIO)",
					"$(SFML_NETWORK)",
				);
				SFML_AUDIO = "$(SFML_LINK_PREFIX) sfml-audio$(SFML_LINK_SUFFIX)";
				SFML_BINARY_TYPE = FRAMEWORKS;
				SFML_GRAPHICS = "$(SFML_LINK_PREFIX) sfml-graphics$(SFML_LINK_SUFFIX)";
				SFML_LINK_DYLIBS_PREFIX = "-l";
				SFML_LINK_DYLIBS_SUFFIX = "";
				SFML_LINK_FRAMEWORKS_PREFIX = "-framework";
				SFML_LINK_FRAMEWORKS_SUFFIX = "";
				SFML_LINK_PREFIX = "$(SFML_LINK_$(SFML_BINARY_TYPE)_PREFIX)";
				SFML_LINK_SUFFIX = "$(SFML_LINK_$(SFML_BINARY_TYPE)_SUFFIX)";
				SFML_NETWORK = "$(SFML_LINK_PREFIX) sfml-network$(SFML_LINK_SUFFIX)";
				SFML_SYSTEM = "$(SFML_LINK_PREFIX) sfml-system$(SFML_LINK_SUFFIX)";
				SFML_WINDOW = "$(SFML_LINK_PREFIX) sfml-window$(SFML_LINK_SUFFIX)";
				SUPPORTED_PLATFORMS = macosx;
			};
			name = Debug;
		};
		0CE5CCE721BB3619007072A5 /* Release */ = {
			isa = XCBuildConfiguration;
			buildSettings = {
				ARCHS = "$(NATIVE_ARCH_ACTUAL)";
				CLANG_CXX_LANGUAGE_STANDARD = "c++11";
				CLANG_CXX_LIBRARY = "libc++";
				FRAMEWORK_SEARCH_PATHS = (
					/Library/Frameworks/,
					"$(inherited)",
				);
				GCC_VERSION = com.apple.compilers.llvm.clang.1_0;
				HEADER_SEARCH_PATHS = (
					/usr/local/include/,
					"$(inherited)",
				);
				LIBRARY_SEARCH_PATHS = (
					/usr/local/lib/,
					"$(inherited)",
				);
				MACOSX_DEPLOYMENT_TARGET = 10.7;
				OTHER_LDFLAGS = (
					"$(inherited)",
					"$(SFML_SYSTEM)",
					"$(SFML_WINDOW)",
					"$(SFML_GRAPHICS)",
					"$(SFML_AUDIO)",
					"$(SFML_NETWORK)",
				);
				SFML_AUDIO = "$(SFML_LINK_PREFIX) sfml-audio$(SFML_LINK_SUFFIX)";
				SFML_BINARY_TYPE = FRAMEWORKS;
				SFML_GRAPHICS = "$(SFML_LINK_PREFIX) sfml-graphics$(SFML_LINK_SUFFIX)";
				SFML_LINK_DYLIBS_PREFIX = "-l";
				SFML_LINK_DYLIBS_SUFFIX = "";
				SFML_LINK_FRAMEWORKS_PREFIX = "-framework";
				SFML_LINK_FRAMEWORKS_SUFFIX = "";
				SFML_LINK_PREFIX = "$(SFML_LINK_$(SFML_BINARY_TYPE)_PREFIX)";
				SFML_LINK_SUFFIX = "$(SFML_LINK_$(SFML_BINARY_TYPE)_SUFFIX)";
				SFML_NETWORK = "$(SFML_LINK_PREFIX) sfml-network$(SFML_LINK_SUFFIX)";
				SFML_SYSTEM = "$(SFML_LINK_PREFIX) sfml-system$(SFML_LINK_SUFFIX)";
				SFML_WINDOW = "$(SFML_LINK_PREFIX) sfml-window$(SFML_LINK_SUFFIX)";
				SUPPORTED_PLATFORMS = macosx;
			};
			name = Release;
		};
		0CE5CCE921BB3619007072A5 /* Debug */ = {
			isa = XCBuildConfiguration;
			buildSettings = {
				CODE_SIGN_STYLE = Automatic;
				HEADER_SEARCH_PATHS = (
					/usr/local/include/,
					"$(inherited)",
					/usr/local/include/Box2D,
				);
				INFOPLIST_FILE = "The Land of Headaches/The Land of Headaches-Info.plist";
				LD_RUNPATH_SEARCH_PATHS = "@loader_path/../Frameworks";
				LIBRARY_SEARCH_PATHS = (
					"$(inherited)",
					"$(PROJECT_DIR)/libs",
				);
				PRODUCT_NAME = "$(TARGET_NAME)";
			};
			name = Debug;
		};
		0CE5CCEA21BB3619007072A5 /* Release */ = {
			isa = XCBuildConfiguration;
			buildSettings = {
				CODE_SIGN_STYLE = Automatic;
				HEADER_SEARCH_PATHS = (
					/usr/local/include/,
					"$(inherited)",
					/usr/local/include/Box2D,
				);
				INFOPLIST_FILE = "The Land of Headaches/The Land of Headaches-Info.plist";
				LD_RUNPATH_SEARCH_PATHS = "@loader_path/../Frameworks";
				LIBRARY_SEARCH_PATHS = (
					"$(inherited)",
					"$(PROJECT_DIR)/libs",
				);
				PRODUCT_NAME = "$(TARGET_NAME)";
			};
			name = Release;
		};
/* End XCBuildConfiguration section */

/* Begin XCConfigurationList section */
		0CE5CCCD21BB3619007072A5 /* Build configuration list for PBXProject "The Land of Headaches" */ = {
			isa = XCConfigurationList;
			buildConfigurations = (
				0CE5CCE621BB3619007072A5 /* Debug */,
				0CE5CCE721BB3619007072A5 /* Release */,
			);
			defaultConfigurationIsVisible = 0;
			defaultConfigurationName = Release;
		};
		0CE5CCE821BB3619007072A5 /* Build configuration list for PBXNativeTarget "The Land of Headaches" */ = {
			isa = XCConfigurationList;
			buildConfigurations = (
				0CE5CCE921BB3619007072A5 /* Debug */,
				0CE5CCEA21BB3619007072A5 /* Release */,
			);
			defaultConfigurationIsVisible = 0;
			defaultConfigurationName = Release;
		};
/* End XCConfigurationList section */
	};
	rootObject = 0CE5CCCA21BB3619007072A5 /* Project object */;
}
