<?xml version="1.0" encoding="UTF-8"?>
<Scheme
   version = "1.3">
   <BuildAction>
      <BuildActionEntries>
         <BuildActionEntry
            buildForRunning = "YES">
            <BuildableReference
               BuildableIdentifier = "primary"
               BlueprintIdentifier = "0CE5CCD221BB3619007072A5"
               BuildableName = "The Land of Headaches.app"
               BlueprintName = "The Land of Headaches"
               ReferencedContainer = "container:The Land of Headaches.xcodeproj">
            </BuildableReference>
         </BuildActionEntry>
      </BuildActionEntries>
   </BuildAction>
   <LaunchAction
      useCustomWorkingDirectory = "NO"
      buildConfiguration = "Debug"
      allowLocationSimulation = "YES">
      <BuildableProductRunnable>
         <BuildableReference
            BuildableIdentifier = "primary"
            BlueprintIdentifier = "0CE5CCD221BB3619007072A5"
            BuildableName = "The Land of Headaches.app"
            BlueprintName = "The Land of Headaches"
            ReferencedContainer = "container:The Land of Headaches.xcodeproj">
         </BuildableReference>
      </BuildableProductRunnable>
   </LaunchAction>
</Scheme>
